
Microsoft Visual Studio Solution File, Format Version 12.00
# Visual Studio 15
VisualStudioVersion = 15.0.27703.2035
MinimumVisualStudioVersion = 10.0.40219.1
Project("{FAE04EC0-301F-11D3-BF4B-00C04F79EFBC}") = "OverlayController", "OverlayController\OverlayController.csproj", "{A7218CBC-8E5E-447D-9CE4-76903BFDD690}"
EndProject
Project("{FAE04EC0-301F-11D3-BF4B-00C04F79EFBC}") = "Overlay", "Overlay\Overlay.csproj", "{D6C896A0-CC61-4B02-91BB-73915BF8C2F6}"
EndProject
Project("{54435603-DBB4-11D2-8724-00A0C9A8B90C}") = "VisualSpotterInstaller", "Installer\Setup1.vdproj", "{0BB54F83-B20D-43B6-9224-5EC2C984F567}"
EndProject
Global
	GlobalSection(SolutionConfigurationPlatforms) = preSolution
		Debug|Any CPU = Debug|Any CPU
		Release|Any CPU = Release|Any CPU
	EndGlobalSection
	GlobalSection(ProjectConfigurationPlatforms) = postSolution
		{A7218CBC-8E5E-447D-9CE4-76903BFDD690}.Debug|Any CPU.ActiveCfg = Debug|Any CPU
		{A7218CBC-8E5E-447D-9CE4-76903BFDD690}.Debug|Any CPU.Build.0 = Debug|Any CPU
		{A7218CBC-8E5E-447D-9CE4-76903BFDD690}.Release|Any CPU.ActiveCfg = Release|Any CPU
		{A7218CBC-8E5E-447D-9CE4-76903BFDD690}.Release|Any CPU.Build.0 = Release|Any CPU
		{D6C896A0-CC61-4B02-91BB-73915BF8C2F6}.Debug|Any CPU.ActiveCfg = Debug|Any CPU
		{D6C896A0-CC61-4B02-91BB-73915BF8C2F6}.Debug|Any CPU.Build.0 = Debug|Any CPU
		{D6C896A0-CC61-4B02-91BB-73915BF8C2F6}.Release|Any CPU.ActiveCfg = Release|Any CPU
		{D6C896A0-CC61-4B02-91BB-73915BF8C2F6}.Release|Any CPU.Build.0 = Release|Any CPU
		{0BB54F83-B20D-43B6-9224-5EC2C984F567}.Debug|Any CPU.ActiveCfg = Debug
		{0BB54F83-B20D-43B6-9224-5EC2C984F567}.Debug|Any CPU.Build.0 = Debug
		{0BB54F83-B20D-43B6-9224-5EC2C984F567}.Release|Any CPU.ActiveCfg = Release
		{0BB54F83-B20D-43B6-9224-5EC2C984F567}.Release|Any CPU.Build.0 = Release
	EndGlobalSection
	GlobalSection(SolutionProperties) = preSolution
		HideSolutionNode = FALSE
	EndGlobalSection
	GlobalSection(ExtensibilityGlobals) = postSolution
		SolutionGuid = {19193459-A35A-456E-807B-9C3F548F8655}
	EndGlobalSection
EndGlobal
